{
  "name": "y",
  "version": "1.0.0",
  "lockfileVersion": 2,
  "requires": true,
  "packages": {
    "": {
      "name": "y",
      "version": "1.0.0",
      "license": "ISC",
      "dependencies": {
        "chart.js": "^3.9.1",
        "chartjs-plugin-deferred": "^2.0.0"
      }
    },
    "node_modules/chart.js": {
      "version": "3.9.1",
      "resolved": "https://registry.npmjs.org/chart.js/-/chart.js-3.9.1.tgz",
      "integrity": "sha512-Ro2JbLmvg83gXF5F4sniaQ+lTbSv18E+TIf2cOeiH1Iqd2PGFOtem+DUufMZsCJwFE7ywPOpfXFBwRTGq7dh6w=="
    },
    "node_modules/chartjs-plugin-deferred": {
      "version": "2.0.0",
      "resolved": "https://registry.npmjs.org/chartjs-plugin-deferred/-/chartjs-plugin-deferred-2.0.0.tgz",
      "integrity": "sha512-jq6b8Wt23WS6zxiX8oVB1MXq4uaJX2KGTyiqnq6xo4ctZPgFkT/FuIEKpJjsF1WkYv7ZQrqrrRg1fLw6O5ZEfQ==",
      "peerDependencies": {
        "chart.js": ">= 3.0.0"
      }
    }
  },
  "dependencies": {
    "chart.js": {
      "version": "3.9.1",
      "resolved": "https://registry.npmjs.org/chart.js/-/chart.js-3.9.1.tgz",
      "integrity": "sha512-Ro2JbLmvg83gXF5F4sniaQ+lTbSv18E+TIf2cOeiH1Iqd2PGFOtem+DUufMZsCJwFE7ywPOpfXFBwRTGq7dh6w=="
    },
    "chartjs-plugin-deferred": {
      "version": "2.0.0",
      "resolved": "https://registry.npmjs.org/chartjs-plugin-deferred/-/chartjs-plugin-deferred-2.0.0.tgz",
      "integrity": "sha512-jq6b8Wt23WS6zxiX8oVB1MXq4uaJX2KGTyiqnq6xo4ctZPgFkT/FuIEKpJjsF1WkYv7ZQrqrrRg1fLw6O5ZEfQ==",
      "requires": {}
    }
  }
}
